
Microsoft Visual Studio Solution File, Format Version 12.00
# Visual Studio Version 17
VisualStudioVersion = 17.0.32002.185
MinimumVisualStudioVersion = 10.0.40219.1
Project("{9A19103F-16F7-4668-BE54-9A1E7A4F7556}") = "HappyStorage.BlazorWeb", "HappyStorage.BlazorWeb\HappyStorage.BlazorWeb.csproj", "{A5FD2A4A-4605-4F2F-8BE8-A2AB1C0924B6}"
EndProject
Project("{9A19103F-16F7-4668-BE54-9A1E7A4F7556}") = "HappyStorage.Web", "HappyStorage.Web\HappyStorage.Web.csproj", "{A7D8977D-AA1C-4B91-8377-85AECFB47280}"
EndProject
Project("{9A19103F-16F7-4668-BE54-9A1E7A4F7556}") = "HappyStorage.Core", "HappyStorage.Core\HappyStorage.Core.csproj", "{C858A076-22F7-49A8-A7F0-061561D83426}"
EndProject
Project("{9A19103F-16F7-4668-BE54-9A1E7A4F7556}") = "HappyStorage.FileStorage", "HappyStorage.FileStorage\HappyStorage.FileStorage.csproj", "{6EB506FD-9D9A-466E-8A03-B6F31C81A5A3}"
EndProject
Project("{9A19103F-16F7-4668-BE54-9A1E7A4F7556}") = "HappyStorage.MemoryStorage", "HappyStorage.MemoryStorage\HappyStorage.MemoryStorage.csproj", "{34E0A1F3-159F-46C2-B8CB-5B08BABEE981}"
EndProject
Project("{9A19103F-16F7-4668-BE54-9A1E7A4F7556}") = "HappyStorage.SqlStorage", "HappyStorage.SqlStorage\HappyStorage.SqlStorage.csproj", "{C2EF14F4-D4A6-4402-84B5-06418BC67C51}"
EndProject
Project("{9A19103F-16F7-4668-BE54-9A1E7A4F7556}") = "HappyStorage.UnitTests", "HappyStorage.UnitTests\HappyStorage.UnitTests.csproj", "{457D90C2-2172-46BD-93D8-1C73FAAD2233}"
EndProject
Project("{9A19103F-16F7-4668-BE54-9A1E7A4F7556}") = "HappyStorage.Common.Ui", "HappyStorage.Common.Ui\HappyStorage.Common.Ui.csproj", "{419E17FD-FB8B-42A6-8D4D-EB3D1FB48A25}"
EndProject
Project("{FAE04EC0-301F-11D3-BF4B-00C04F79EFBC}") = "HappyStorage.SqlDatabase", "HappyStorage.SqlDatabase\HappyStorage.SqlDatabase.csproj", "{7ED5E793-5344-41FB-8FAA-30E51C6D879A}"
EndProject
Global
	GlobalSection(SolutionConfigurationPlatforms) = preSolution
		Debug|Any CPU = Debug|Any CPU
		Release|Any CPU = Release|Any CPU
	EndGlobalSection
	GlobalSection(ProjectConfigurationPlatforms) = postSolution
		{A5FD2A4A-4605-4F2F-8BE8-A2AB1C0924B6}.Debug|Any CPU.ActiveCfg = Debug|Any CPU
		{A5FD2A4A-4605-4F2F-8BE8-A2AB1C0924B6}.Debug|Any CPU.Build.0 = Debug|Any CPU
		{A5FD2A4A-4605-4F2F-8BE8-A2AB1C0924B6}.Release|Any CPU.ActiveCfg = Release|Any CPU
		{A5FD2A4A-4605-4F2F-8BE8-A2AB1C0924B6}.Release|Any CPU.Build.0 = Release|Any CPU
		{A7D8977D-AA1C-4B91-8377-85AECFB47280}.Debug|Any CPU.ActiveCfg = Debug|Any CPU
		{A7D8977D-AA1C-4B91-8377-85AECFB47280}.Debug|Any CPU.Build.0 = Debug|Any CPU
		{A7D8977D-AA1C-4B91-8377-85AECFB47280}.Release|Any CPU.ActiveCfg = Release|Any CPU
		{A7D8977D-AA1C-4B91-8377-85AECFB47280}.Release|Any CPU.Build.0 = Release|Any CPU
		{C858A076-22F7-49A8-A7F0-061561D83426}.Debug|Any CPU.ActiveCfg = Debug|Any CPU
		{C858A076-22F7-49A8-A7F0-061561D83426}.Debug|Any CPU.Build.0 = Debug|Any CPU
		{C858A076-22F7-49A8-A7F0-061561D83426}.Release|Any CPU.ActiveCfg = Release|Any CPU
		{C858A076-22F7-49A8-A7F0-061561D83426}.Release|Any CPU.Build.0 = Release|Any CPU
		{6EB506FD-9D9A-466E-8A03-B6F31C81A5A3}.Debug|Any CPU.ActiveCfg = Debug|Any CPU
		{6EB506FD-9D9A-466E-8A03-B6F31C81A5A3}.Debug|Any CPU.Build.0 = Debug|Any CPU
		{6EB506FD-9D9A-466E-8A03-B6F31C81A5A3}.Release|Any CPU.ActiveCfg = Release|Any CPU
		{6EB506FD-9D9A-466E-8A03-B6F31C81A5A3}.Release|Any CPU.Build.0 = Release|Any CPU
		{34E0A1F3-159F-46C2-B8CB-5B08BABEE981}.Debug|Any CPU.ActiveCfg = Debug|Any CPU
		{34E0A1F3-159F-46C2-B8CB-5B08BABEE981}.Debug|Any CPU.Build.0 = Debug|Any CPU
		{34E0A1F3-159F-46C2-B8CB-5B08BABEE981}.Release|Any CPU.ActiveCfg = Release|Any CPU
		{34E0A1F3-159F-46C2-B8CB-5B08BABEE981}.Release|Any CPU.Build.0 = Release|Any CPU
		{C2EF14F4-D4A6-4402-84B5-06418BC67C51}.Debug|Any CPU.ActiveCfg = Debug|Any CPU
		{C2EF14F4-D4A6-4402-84B5-06418BC67C51}.Debug|Any CPU.Build.0 = Debug|Any CPU
		{C2EF14F4-D4A6-4402-84B5-06418BC67C51}.Release|Any CPU.ActiveCfg = Release|Any CPU
		{C2EF14F4-D4A6-4402-84B5-06418BC67C51}.Release|Any CPU.Build.0 = Release|Any CPU
		{457D90C2-2172-46BD-93D8-1C73FAAD2233}.Debug|Any CPU.ActiveCfg = Debug|Any CPU
		{457D90C2-2172-46BD-93D8-1C73FAAD2233}.Debug|Any CPU.Build.0 = Debug|Any CPU
		{457D90C2-2172-46BD-93D8-1C73FAAD2233}.Release|Any CPU.ActiveCfg = Release|Any CPU
		{457D90C2-2172-46BD-93D8-1C73FAAD2233}.Release|Any CPU.Build.0 = Release|Any CPU
		{419E17FD-FB8B-42A6-8D4D-EB3D1FB48A25}.Debug|Any CPU.ActiveCfg = Debug|Any CPU
		{419E17FD-FB8B-42A6-8D4D-EB3D1FB48A25}.Debug|Any CPU.Build.0 = Debug|Any CPU
		{419E17FD-FB8B-42A6-8D4D-EB3D1FB48A25}.Release|Any CPU.ActiveCfg = Release|Any CPU
		{419E17FD-FB8B-42A6-8D4D-EB3D1FB48A25}.Release|Any CPU.Build.0 = Release|Any CPU
		{7ED5E793-5344-41FB-8FAA-30E51C6D879A}.Debug|Any CPU.ActiveCfg = Debug|Any CPU
		{7ED5E793-5344-41FB-8FAA-30E51C6D879A}.Debug|Any CPU.Build.0 = Debug|Any CPU
		{7ED5E793-5344-41FB-8FAA-30E51C6D879A}.Release|Any CPU.ActiveCfg = Release|Any CPU
		{7ED5E793-5344-41FB-8FAA-30E51C6D879A}.Release|Any CPU.Build.0 = Release|Any CPU
	EndGlobalSection
	GlobalSection(SolutionProperties) = preSolution
		HideSolutionNode = FALSE
	EndGlobalSection
	GlobalSection(ExtensibilityGlobals) = postSolution
		SolutionGuid = {5AB5C7B2-C8F4-4C4D-B4B7-AF797422C753}
	EndGlobalSection
EndGlobal
